
Microsoft Visual Studio Solution File, Format Version 12.00
# Visual Studio Version 17
VisualStudioVersion = 17.6.33801.468
MinimumVisualStudioVersion = 10.0.40219.1
Project("{9A19103F-16F7-4668-BE54-9A1E7A4F7556}") = "CdeAnalyzer", "CdeAnalyzer\CdeAnalyzer.csproj", "{A493EB1F-84BD-4C64-8E11-02C4E1E79617}"
EndProject
Project("{9A19103F-16F7-4668-BE54-9A1E7A4F7556}") = "AnaTester", "AnaTester\AnaTester.csproj", "{FD6E1919-EBC7-4C41-828E-5B750C1C734B}"
EndProject
Global
	GlobalSection(SolutionConfigurationPlatforms) = preSolution
		Debug|Any CPU = Debug|Any CPU
		Release|Any CPU = Release|Any CPU
	EndGlobalSection
	GlobalSection(ProjectConfigurationPlatforms) = postSolution
		{A493EB1F-84BD-4C64-8E11-02C4E1E79617}.Debug|Any CPU.ActiveCfg = Debug|Any CPU
		{A493EB1F-84BD-4C64-8E11-02C4E1E79617}.Debug|Any CPU.Build.0 = Debug|Any CPU
		{A493EB1F-84BD-4C64-8E11-02C4E1E79617}.Release|Any CPU.ActiveCfg = Release|Any CPU
		{A493EB1F-84BD-4C64-8E11-02C4E1E79617}.Release|Any CPU.Build.0 = Release|Any CPU
		{FD6E1919-EBC7-4C41-828E-5B750C1C734B}.Debug|Any CPU.ActiveCfg = Debug|Any CPU
		{FD6E1919-EBC7-4C41-828E-5B750C1C734B}.Debug|Any CPU.Build.0 = Debug|Any CPU
		{FD6E1919-EBC7-4C41-828E-5B750C1C734B}.Release|Any CPU.ActiveCfg = Release|Any CPU
		{FD6E1919-EBC7-4C41-828E-5B750C1C734B}.Release|Any CPU.Build.0 = Release|Any CPU
	EndGlobalSection
	GlobalSection(SolutionProperties) = preSolution
		HideSolutionNode = FALSE
	EndGlobalSection
	GlobalSection(ExtensibilityGlobals) = postSolution
		SolutionGuid = {568EBE89-A7D2-4E52-AA02-7637991DAF52}
	EndGlobalSection
EndGlobal
